
Microsoft Visual Studio Solution File, Format Version 12.00
# Visual Studio Version 16
VisualStudioVersion = 16.0.29209.62
MinimumVisualStudioVersion = 10.0.40219.1
Project("{FAE04EC0-301F-11D3-BF4B-00C04F79EFBC}") = "3.1 Task Generics", "3.1 Task Generics.csproj", "{263F8FB9-5B06-4C23-B21D-AC0D8B65550B}"
EndProject
Global
	GlobalSection(SolutionConfigurationPlatforms) = preSolution
		Debug|Any CPU = Debug|Any CPU
		Release|Any CPU = Release|Any CPU
	EndGlobalSection
	GlobalSection(ProjectConfigurationPlatforms) = postSolution
		{263F8FB9-5B06-4C23-B21D-AC0D8B65550B}.Debug|Any CPU.ActiveCfg = Debug|Any CPU
		{263F8FB9-5B06-4C23-B21D-AC0D8B65550B}.Debug|Any CPU.Build.0 = Debug|Any CPU
		{263F8FB9-5B06-4C23-B21D-AC0D8B65550B}.Release|Any CPU.ActiveCfg = Release|Any CPU
		{263F8FB9-5B06-4C23-B21D-AC0D8B65550B}.Release|Any CPU.Build.0 = Release|Any CPU
	EndGlobalSection
	GlobalSection(SolutionProperties) = preSolution
		HideSolutionNode = FALSE
	EndGlobalSection
	GlobalSection(ExtensibilityGlobals) = postSolution
		SolutionGuid = {D1F41BDF-1B25-4F01-A201-4B42E52A6D97}
	EndGlobalSection
EndGlobal
