
Microsoft Visual Studio Solution File, Format Version 12.00
# Visual Studio Version 16
VisualStudioVersion = 16.0.29209.62
MinimumVisualStudioVersion = 10.0.40219.1
Project("{FAE04EC0-301F-11D3-BF4B-00C04F79EFBC}") = "Task Basic", "Task Basic.csproj", "{AC362A43-DC72-4035-B189-1173C11CA254}"
EndProject
Global
	GlobalSection(SolutionConfigurationPlatforms) = preSolution
		Debug|Any CPU = Debug|Any CPU
		Release|Any CPU = Release|Any CPU
	EndGlobalSection
	GlobalSection(ProjectConfigurationPlatforms) = postSolution
		{AC362A43-DC72-4035-B189-1173C11CA254}.Debug|Any CPU.ActiveCfg = Debug|Any CPU
		{AC362A43-DC72-4035-B189-1173C11CA254}.Debug|Any CPU.Build.0 = Debug|Any CPU
		{AC362A43-DC72-4035-B189-1173C11CA254}.Release|Any CPU.ActiveCfg = Release|Any CPU
		{AC362A43-DC72-4035-B189-1173C11CA254}.Release|Any CPU.Build.0 = Release|Any CPU
	EndGlobalSection
	GlobalSection(SolutionProperties) = preSolution
		HideSolutionNode = FALSE
	EndGlobalSection
	GlobalSection(ExtensibilityGlobals) = postSolution
		SolutionGuid = {0AE75BEF-631D-4D58-B311-137CB6AC2E6A}
	EndGlobalSection
EndGlobal
