
Microsoft Visual Studio Solution File, Format Version 12.00
# Visual Studio Version 16
VisualStudioVersion = 16.0.29209.62
MinimumVisualStudioVersion = 10.0.40219.1
Project("{FAE04EC0-301F-11D3-BF4B-00C04F79EFBC}") = "6 Basic", "6 Basic.csproj", "{8E734252-29BE-4498-A5F1-DA10AAB250F6}"
EndProject
Global
	GlobalSection(SolutionConfigurationPlatforms) = preSolution
		Debug|Any CPU = Debug|Any CPU
		Release|Any CPU = Release|Any CPU
	EndGlobalSection
	GlobalSection(ProjectConfigurationPlatforms) = postSolution
		{8E734252-29BE-4498-A5F1-DA10AAB250F6}.Debug|Any CPU.ActiveCfg = Debug|Any CPU
		{8E734252-29BE-4498-A5F1-DA10AAB250F6}.Debug|Any CPU.Build.0 = Debug|Any CPU
		{8E734252-29BE-4498-A5F1-DA10AAB250F6}.Release|Any CPU.ActiveCfg = Release|Any CPU
		{8E734252-29BE-4498-A5F1-DA10AAB250F6}.Release|Any CPU.Build.0 = Release|Any CPU
	EndGlobalSection
	GlobalSection(SolutionProperties) = preSolution
		HideSolutionNode = FALSE
	EndGlobalSection
	GlobalSection(ExtensibilityGlobals) = postSolution
		SolutionGuid = {7D4C081D-B309-4E88-9675-B8AF8871FA2D}
	EndGlobalSection
EndGlobal
