
Microsoft Visual Studio Solution File, Format Version 12.00
# Visual Studio Version 16
VisualStudioVersion = 16.0.29209.62
MinimumVisualStudioVersion = 10.0.40219.1
Project("{FAE04EC0-301F-11D3-BF4B-00C04F79EFBC}") = "Overloading Type Conversion Operations", "Overloading Type Conversion Operations.csproj", "{A8C7C080-5CD9-4E7E-AE70-FDA5CEA85992}"
EndProject
Global
	GlobalSection(SolutionConfigurationPlatforms) = preSolution
		Debug|Any CPU = Debug|Any CPU
		Release|Any CPU = Release|Any CPU
	EndGlobalSection
	GlobalSection(ProjectConfigurationPlatforms) = postSolution
		{A8C7C080-5CD9-4E7E-AE70-FDA5CEA85992}.Debug|Any CPU.ActiveCfg = Debug|Any CPU
		{A8C7C080-5CD9-4E7E-AE70-FDA5CEA85992}.Debug|Any CPU.Build.0 = Debug|Any CPU
		{A8C7C080-5CD9-4E7E-AE70-FDA5CEA85992}.Release|Any CPU.ActiveCfg = Release|Any CPU
		{A8C7C080-5CD9-4E7E-AE70-FDA5CEA85992}.Release|Any CPU.Build.0 = Release|Any CPU
	EndGlobalSection
	GlobalSection(SolutionProperties) = preSolution
		HideSolutionNode = FALSE
	EndGlobalSection
	GlobalSection(ExtensibilityGlobals) = postSolution
		SolutionGuid = {E13AB43C-6FAB-4C58-A7FF-A877EC6901BF}
	EndGlobalSection
EndGlobal
